// !$*UTF8*$!
{
	archiveVersion = 1;
	classes = {
	};
	objectVersion = 46;
	objects = {

/* Begin PBXBuildFile section */
		D22DEDCA1F3A19C400CD1BB4 /* main.m in Sources */ = {isa = PBXBuildFile; fileRef = D22DEDC91F3A19C400CD1BB4 /* main.m */; };
		D22DEDD41F3A1B2600CD1BB4 /* DDFileReader.m in Sources */ = {isa = PBXBuildFile; fileRef = D22DEDD31F3A1B2600CD1BB4 /* DDFileReader.m */; };
		D22DEDD71F3A212F00CD1BB4 /* Movie.m in Sources */ = {isa = PBXBuildFile; fileRef = D22DEDD61F3A212F00CD1BB4 /* Movie.m */; };
		D22DEDDA1F3A260300CD1BB4 /* libsqlite3.tbd in Frameworks */ = {isa = PBXBuildFile; fileRef = D22DEDD91F3A260300CD1BB4 /* libsqlite3.tbd */; };
/* End PBXBuildFile section */

/* Begin PBXCopyFilesBuildPhase section */
		D22DEDC41F3A19C400CD1BB4 /* CopyFiles */ = {
			isa = PBXCopyFilesBuildPhase;
			buildActionMask = 2147483647;
			dstPath = /usr/share/man/man1/;
			dstSubfolderSpec = 0;
			files = (
			);
			runOnlyForDeploymentPostprocessing = 1;
		};
/* End PBXCopyFilesBuildPhase section */

/* Begin PBXFileReference section */
		D22DEDC61F3A19C400CD1BB4 /* ImportNewImdb */ = {isa = PBXFileReference; explicitFileType = "compiled.mach-o.executable"; includeInIndex = 0; path = ImportNewImdb; sourceTree = BUILT_PRODUCTS_DIR; };
		D22DEDC91F3A19C400CD1BB4 /* main.m */ = {isa = PBXFileReference; lastKnownFileType = sourcecode.c.objc; path = main.m; sourceTree = "<group>"; };
		D22DEDD21F3A1B2600CD1BB4 /* DDFileReader.h */ = {isa = PBXFileReference; fileEncoding = 4; lastKnownFileType = sourcecode.c.h; path = DDFileReader.h; sourceTree = "<group>"; };
		D22DEDD31F3A1B2600CD1BB4 /* DDFileReader.m */ = {isa = PBXFileReference; fileEncoding = 4; lastKnownFileType = sourcecode.c.objc; path = DDFileReader.m; sourceTree = "<group>"; };
		D22DEDD51F3A212F00CD1BB4 /* Movie.h */ = {isa = PBXFileReference; fileEncoding = 4; lastKnownFileType = sourcecode.c.h; path = Movie.h; sourceTree = "<group>"; };
		D22DEDD61F3A212F00CD1BB4 /* Movie.m */ = {isa = PBXFileReference; fileEncoding = 4; lastKnownFileType = sourcecode.c.objc; path = Movie.m; sourceTree = "<group>"; };
		D22DEDD91F3A260300CD1BB4 /* libsqlite3.tbd */ = {isa = PBXFileReference; lastKnownFileType = "sourcecode.text-based-dylib-definition"; name = libsqlite3.tbd; path = usr/lib/libsqlite3.tbd; sourceTree = SDKROOT; };
/* End PBXFileReference section */

/* Begin PBXFrameworksBuildPhase section */
		D22DEDC31F3A19C400CD1BB4 /* Frameworks */ = {
			isa = PBXFrameworksBuildPhase;
			buildActionMask = 2147483647;
			files = (
				D22DEDDA1F3A260300CD1BB4 /* libsqlite3.tbd in Frameworks */,
			);
			runOnlyForDeploymentPostprocessing = 0;
		};
/* End PBXFrameworksBuildPhase section */

/* Begin PBXGroup section */
		D22DEDBD1F3A19C400CD1BB4 = {
			isa = PBXGroup;
			children = (
				D22DEDC81F3A19C400CD1BB4 /* ImportNewImdb */,
				D22DEDC71F3A19C400CD1BB4 /* Products */,
				D22DEDD81F3A260300CD1BB4 /* Frameworks */,
			);
			sourceTree = "<group>";
		};
		D22DEDC71F3A19C400CD1BB4 /* Products */ = {
			isa = PBXGroup;
			children = (
				D22DEDC61F3A19C400CD1BB4 /* ImportNewImdb */,
			);
			name = Products;
			sourceTree = "<group>";
		};
		D22DEDC81F3A19C400CD1BB4 /* ImportNewImdb */ = {
			isa = PBXGroup;
			children = (
				D22DEDD51F3A212F00CD1BB4 /* Movie.h */,
				D22DEDD61F3A212F00CD1BB4 /* Movie.m */,
				D22DEDC91F3A19C400CD1BB4 /* main.m */,
				D22DEDD21F3A1B2600CD1BB4 /* DDFileReader.h */,
				D22DEDD31F3A1B2600CD1BB4 /* DDFileReader.m */,
			);
			path = ImportNewImdb;
			sourceTree = "<group>";
		};
		D22DEDD81F3A260300CD1BB4 /* Frameworks */ = {
			isa = PBXGroup;
			children = (
				D22DEDD91F3A260300CD1BB4 /* libsqlite3.tbd */,
			);
			name = Frameworks;
			sourceTree = "<group>";
		};
/* End PBXGroup section */

/* Begin PBXNativeTarget section */
		D22DEDC51F3A19C400CD1BB4 /* ImportNewImdb */ = {
			isa = PBXNativeTarget;
			buildConfigurationList = D22DEDCD1F3A19C400CD1BB4 /* Build configuration list for PBXNativeTarget "ImportNewImdb" */;
			buildPhases = (
				D22DEDC21F3A19C400CD1BB4 /* Sources */,
				D22DEDC31F3A19C400CD1BB4 /* Frameworks */,
				D22DEDC41F3A19C400CD1BB4 /* CopyFiles */,
			);
			buildRules = (
			);
			dependencies = (
			);
			name = ImportNewImdb;
			productName = ImportNewImdb;
			productReference = D22DEDC61F3A19C400CD1BB4 /* ImportNewImdb */;
			productType = "com.apple.product-type.tool";
		};
/* End PBXNativeTarget section */

/* Begin PBXProject section */
		D22DEDBE1F3A19C400CD1BB4 /* Project object */ = {
			isa = PBXProject;
			attributes = {
				LastUpgradeCheck = 0930;
				ORGANIZATIONNAME = "Alessandro Meroni";
				TargetAttributes = {
					D22DEDC51F3A19C400CD1BB4 = {
						CreatedOnToolsVersion = 8.3.3;
						ProvisioningStyle = Automatic;
					};
				};
			};
			buildConfigurationList = D22DEDC11F3A19C400CD1BB4 /* Build configuration list for PBXProject "ImportNewImdb" */;
			compatibilityVersion = "Xcode 3.2";
			developmentRegion = English;
			hasScannedForEncodings = 0;
			knownRegions = (
				en,
			);
			mainGroup = D22DEDBD1F3A19C400CD1BB4;
			productRefGroup = D22DEDC71F3A19C400CD1BB4 /* Products */;
			projectDirPath = "";
			projectRoot = "";
			targets = (
				D22DEDC51F3A19C400CD1BB4 /* ImportNewImdb */,
			);
		};
/* End PBXProject section */

/* Begin PBXSourcesBuildPhase section */
		D22DEDC21F3A19C400CD1BB4 /* Sources */ = {
			isa = PBXSourcesBuildPhase;
			buildActionMask = 2147483647;
			files = (
				D22DEDD71F3A212F00CD1BB4 /* Movie.m in Sources */,
				D22DEDD41F3A1B2600CD1BB4 /* DDFileReader.m in Sources */,
				D22DEDCA1F3A19C400CD1BB4 /* main.m in Sources */,
			);
			runOnlyForDeploymentPostprocessing = 0;
		};
/* End PBXSourcesBuildPhase section */

/* Begin XCBuildConfiguration section */
		D22DEDCB1F3A19C400CD1BB4 /* Debug */ = {
			isa = XCBuildConfiguration;
			buildSettings = {
				ALWAYS_SEARCH_USER_PATHS = NO;
				CLANG_ANALYZER_NONNULL = YES;
				CLANG_ANALYZER_NUMBER_OBJECT_CONVERSION = YES_AGGRESSIVE;
				CLANG_CXX_LANGUAGE_STANDARD = "gnu++0x";
				CLANG_CXX_LIBRARY = "libc++";
				CLANG_ENABLE_MODULES = YES;
				CLANG_ENABLE_OBJC_ARC = YES;
				CLANG_WARN_BLOCK_CAPTURE_AUTORELEASING = YES;
				CLANG_WARN_BOOL_CONVERSION = YES;
				CLANG_WARN_COMMA = YES;
				CLANG_WARN_CONSTANT_CONVERSION = YES;
				CLANG_WARN_DEPRECATED_OBJC_IMPLEMENTATIONS = YES;
				CLANG_WARN_DIRECT_OBJC_ISA_USAGE = YES_ERROR;
				CLANG_WARN_DOCUMENTATION_COMMENTS = YES;
				CLANG_WARN_EMPTY_BODY = YES;
				CLANG_WARN_ENUM_CONVERSION = YES;
				CLANG_WARN_INFINITE_RECURSION = YES;
				CLANG_WARN_INT_CONVERSION = YES;
				CLANG_WARN_NON_LITERAL_NULL_CONVERSION = YES;
				CLANG_WARN_OBJC_IMPLICIT_RETAIN_SELF = YES;
				CLANG_WARN_OBJC_LITERAL_CONVERSION = YES;
				CLANG_WARN_OBJC_ROOT_CLASS = YES_ERROR;
				CLANG_WARN_RANGE_LOOP_ANALYSIS = YES;
				CLANG_WARN_STRICT_PROTOTYPES = YES;
				CLANG_WARN_SUSPICIOUS_MOVE = YES;
				CLANG_WARN_UNREACHABLE_CODE = YES;
				CLANG_WARN__DUPLICATE_METHOD_MATCH = YES;
				CODE_SIGN_IDENTITY = "-";
				COPY_PHASE_STRIP = NO;
				DEBUG_INFORMATION_FORMAT = dwarf;
				ENABLE_STRICT_OBJC_MSGSEND = YES;
				ENABLE_TESTABILITY = YES;
				GCC_C_LANGUAGE_STANDARD = gnu99;
				GCC_DYNAMIC_NO_PIC = NO;
				GCC_NO_COMMON_BLOCKS = YES;
				GCC_OPTIMIZATION_LEVEL = 0;
				GCC_PREPROCESSOR_DEFINITIONS = (
					"DEBUG=1",
					"$(inherited)",
				);
				GCC_WARN_64_TO_32_BIT_CONVERSION = YES;
				GCC_WARN_ABOUT_RETURN_TYPE = YES_ERROR;
				GCC_WARN_UNDECLARED_SELECTOR = YES;
				GCC_WARN_UNINITIALIZED_AUTOS = YES_AGGRESSIVE;
				GCC_WARN_UNUSED_FUNCTION = YES;
				GCC_WARN_UNUSED_VARIABLE = YES;
				MACOSX_DEPLOYMENT_TARGET = 10.12;
				MTL_ENABLE_DEBUG_INFO = YES;
				ONLY_ACTIVE_ARCH = YES;
				SDKROOT = macosx;
			};
			name = Debug;
		};
		D22DEDCC1F3A19C400CD1BB4 /* Release */ = {
			isa = XCBuildConfiguration;
			buildSettings = {
				ALWAYS_SEARCH_USER_PATHS = NO;
				CLANG_ANALYZER_NONNULL = YES;
				CLANG_ANALYZER_NUMBER_OBJECT_CONVERSION = YES_AGGRESSIVE;
				CLANG_CXX_LANGUAGE_STANDARD = "gnu++0x";
				CLANG_CXX_LIBRARY = "libc++";
				CLANG_ENABLE_MODULES = YES;
				CLANG_ENABLE_OBJC_ARC = YES;
				CLANG_WARN_BLOCK_CAPTURE_AUTORELEASING = YES;
				CLANG_WARN_BOOL_CONVERSION = YES;
				CLANG_WARN_COMMA = YES;
				CLANG_WARN_CONSTANT_CONVERSION = YES;
				CLANG_WARN_DEPRECATED_OBJC_IMPLEMENTATIONS = YES;
				CLANG_WARN_DIRECT_OBJC_ISA_USAGE = YES_ERROR;
				CLANG_WARN_DOCUMENTATION_COMMENTS = YES;
				CLANG_WARN_EMPTY_BODY = YES;
				CLANG_WARN_ENUM_CONVERSION = YES;
				CLANG_WARN_INFINITE_RECURSION = YES;
				CLANG_WARN_INT_CONVERSION = YES;
				CLANG_WARN_NON_LITERAL_NULL_CONVERSION = YES;
				CLANG_WARN_OBJC_IMPLICIT_RETAIN_SELF = YES;
				CLANG_WARN_OBJC_LITERAL_CONVERSION = YES;
				CLANG_WARN_OBJC_ROOT_CLASS = YES_ERROR;
				CLANG_WARN_RANGE_LOOP_ANALYSIS = YES;
				CLANG_WARN_STRICT_PROTOTYPES = YES;
				CLANG_WARN_SUSPICIOUS_MOVE = YES;
				CLANG_WARN_UNREACHABLE_CODE = YES;
				CLANG_WARN__DUPLICATE_METHOD_MATCH = YES;
				CODE_SIGN_IDENTITY = "-";
				COPY_PHASE_STRIP = NO;
				DEBUG_INFORMATION_FORMAT = "dwarf-with-dsym";
				ENABLE_NS_ASSERTIONS = NO;
				ENABLE_STRICT_OBJC_MSGSEND = YES;
				GCC_C_LANGUAGE_STANDARD = gnu99;
				GCC_NO_COMMON_BLOCKS = YES;
				GCC_WARN_64_TO_32_BIT_CONVERSION = YES;
				GCC_WARN_ABOUT_RETURN_TYPE = YES_ERROR;
				GCC_WARN_UNDECLARED_SELECTOR = YES;
				GCC_WARN_UNINITIALIZED_AUTOS = YES_AGGRESSIVE;
				GCC_WARN_UNUSED_FUNCTION = YES;
				GCC_WARN_UNUSED_VARIABLE = YES;
				MACOSX_DEPLOYMENT_TARGET = 10.12;
				MTL_ENABLE_DEBUG_INFO = NO;
				SDKROOT = macosx;
			};
			name = Release;
		};
		D22DEDCE1F3A19C400CD1BB4 /* Debug */ = {
			isa = XCBuildConfiguration;
			buildSettings = {
				PRODUCT_NAME = "$(TARGET_NAME)";
			};
			name = Debug;
		};
		D22DEDCF1F3A19C400CD1BB4 /* Release */ = {
			isa = XCBuildConfiguration;
			buildSettings = {
				PRODUCT_NAME = "$(TARGET_NAME)";
			};
			name = Release;
		};
/* End XCBuildConfiguration section */

/* Begin XCConfigurationList section */
		D22DEDC11F3A19C400CD1BB4 /* Build configuration list for PBXProject "ImportNewImdb" */ = {
			isa = XCConfigurationList;
			buildConfigurations = (
				D22DEDCB1F3A19C400CD1BB4 /* Debug */,
				D22DEDCC1F3A19C400CD1BB4 /* Release */,
			);
			defaultConfigurationIsVisible = 0;
			defaultConfigurationName = Release;
		};
		D22DEDCD1F3A19C400CD1BB4 /* Build configuration list for PBXNativeTarget "ImportNewImdb" */ = {
			isa = XCConfigurationList;
			buildConfigurations = (
				D22DEDCE1F3A19C400CD1BB4 /* Debug */,
				D22DEDCF1F3A19C400CD1BB4 /* Release */,
			);
			defaultConfigurationIsVisible = 0;
			defaultConfigurationName = Release;
		};
/* End XCConfigurationList section */
	};
	rootObject = D22DEDBE1F3A19C400CD1BB4 /* Project object */;
}
